
Microsoft Visual Studio Solution File, Format Version 12.00
# Visual Studio Version 17
VisualStudioVersion = 17.0.31903.59
MinimumVisualStudioVersion = 10.0.40219.1
Project("{FAE04EC0-301F-11D3-BF4B-00C04F79EFBC}") = "CorpusStudio.Desktop", "CorpusStudio.Desktop\CorpusStudio.Desktop.csproj", "{A2C9C6D4-8A38-46B0-B9C0-176F7B7FD32D}"
EndProject
Project("{FAE04EC0-301F-11D3-BF4B-00C04F79EFBC}") = "CorpusStudio.Desktop.Tests", "CorpusStudio.Desktop.Tests\CorpusStudio.Desktop.Tests.csproj", "{CE200D11-D2A2-4AA6-8781-725403DC923C}"
EndProject
Project("{FAE04EC0-301F-11D3-BF4B-00C04F79EFBC}") = "CorpusStudio.Core", "CorpusStudio.Core\CorpusStudio.Core.csproj", "{01933972-5EDD-4A0E-8B37-A1C9F500B7AA}"
EndProject
Project("{FAE04EC0-301F-11D3-BF4B-00C04F79EFBC}") = "CorpusStudio.Avalonia", "CorpusStudio.Avalonia\CorpusStudio.Avalonia.csproj", "{EAF58DA4-9A45-49BD-90B0-87C7723C2126}"
EndProject
Global
	GlobalSection(SolutionConfigurationPlatforms) = preSolution
		Debug|Any CPU = Debug|Any CPU
		Debug|x64 = Debug|x64
		Debug|x86 = Debug|x86
		Release|Any CPU = Release|Any CPU
		Release|x64 = Release|x64
		Release|x86 = Release|x86
	EndGlobalSection
	GlobalSection(ProjectConfigurationPlatforms) = postSolution
		{A2C9C6D4-8A38-46B0-B9C0-176F7B7FD32D}.Debug|Any CPU.ActiveCfg = Debug|Any CPU
		{A2C9C6D4-8A38-46B0-B9C0-176F7B7FD32D}.Debug|Any CPU.Build.0 = Debug|Any CPU
		{A2C9C6D4-8A38-46B0-B9C0-176F7B7FD32D}.Debug|x64.ActiveCfg = Debug|Any CPU
		{A2C9C6D4-8A38-46B0-B9C0-176F7B7FD32D}.Debug|x64.Build.0 = Debug|Any CPU
		{A2C9C6D4-8A38-46B0-B9C0-176F7B7FD32D}.Debug|x86.ActiveCfg = Debug|Any CPU
		{A2C9C6D4-8A38-46B0-B9C0-176F7B7FD32D}.Debug|x86.Build.0 = Debug|Any CPU
		{A2C9C6D4-8A38-46B0-B9C0-176F7B7FD32D}.Release|Any CPU.ActiveCfg = Release|Any CPU
		{A2C9C6D4-8A38-46B0-B9C0-176F7B7FD32D}.Release|Any CPU.Build.0 = Release|Any CPU
		{A2C9C6D4-8A38-46B0-B9C0-176F7B7FD32D}.Release|x64.ActiveCfg = Release|Any CPU
		{A2C9C6D4-8A38-46B0-B9C0-176F7B7FD32D}.Release|x64.Build.0 = Release|Any CPU
		{A2C9C6D4-8A38-46B0-B9C0-176F7B7FD32D}.Release|x86.ActiveCfg = Release|Any CPU
		{A2C9C6D4-8A38-46B0-B9C0-176F7B7FD32D}.Release|x86.Build.0 = Release|Any CPU
		{CE200D11-D2A2-4AA6-8781-725403DC923C}.Debug|Any CPU.ActiveCfg = Debug|Any CPU
		{CE200D11-D2A2-4AA6-8781-725403DC923C}.Debug|Any CPU.Build.0 = Debug|Any CPU
		{CE200D11-D2A2-4AA6-8781-725403DC923C}.Debug|x64.ActiveCfg = Debug|Any CPU
		{CE200D11-D2A2-4AA6-8781-725403DC923C}.Debug|x64.Build.0 = Debug|Any CPU
		{CE200D11-D2A2-4AA6-8781-725403DC923C}.Debug|x86.ActiveCfg = Debug|Any CPU
		{CE200D11-D2A2-4AA6-8781-725403DC923C}.Debug|x86.Build.0 = Debug|Any CPU
		{CE200D11-D2A2-4AA6-8781-725403DC923C}.Release|Any CPU.ActiveCfg = Release|Any CPU
		{CE200D11-D2A2-4AA6-8781-725403DC923C}.Release|Any CPU.Build.0 = Release|Any CPU
		{CE200D11-D2A2-4AA6-8781-725403DC923C}.Release|x64.ActiveCfg = Release|Any CPU
		{CE200D11-D2A2-4AA6-8781-725403DC923C}.Release|x64.Build.0 = Release|Any CPU
		{CE200D11-D2A2-4AA6-8781-725403DC923C}.Release|x86.ActiveCfg = Release|Any CPU
		{CE200D11-D2A2-4AA6-8781-725403DC923C}.Release|x86.Build.0 = Release|Any CPU
		{01933972-5EDD-4A0E-8B37-A1C9F500B7AA}.Debug|Any CPU.ActiveCfg = Debug|Any CPU
		{01933972-5EDD-4A0E-8B37-A1C9F500B7AA}.Debug|Any CPU.Build.0 = Debug|Any CPU
		{01933972-5EDD-4A0E-8B37-A1C9F500B7AA}.Debug|x64.ActiveCfg = Debug|Any CPU
		{01933972-5EDD-4A0E-8B37-A1C9F500B7AA}.Debug|x64.Build.0 = Debug|Any CPU
		{01933972-5EDD-4A0E-8B37-A1C9F500B7AA}.Debug|x86.ActiveCfg = Debug|Any CPU
		{01933972-5EDD-4A0E-8B37-A1C9F500B7AA}.Debug|x86.Build.0 = Debug|Any CPU
		{01933972-5EDD-4A0E-8B37-A1C9F500B7AA}.Release|Any CPU.ActiveCfg = Release|Any CPU
		{01933972-5EDD-4A0E-8B37-A1C9F500B7AA}.Release|Any CPU.Build.0 = Release|Any CPU
		{01933972-5EDD-4A0E-8B37-A1C9F500B7AA}.Release|x64.ActiveCfg = Release|Any CPU
		{01933972-5EDD-4A0E-8B37-A1C9F500B7AA}.Release|x64.Build.0 = Release|Any CPU
		{01933972-5EDD-4A0E-8B37-A1C9F500B7AA}.Release|x86.ActiveCfg = Release|Any CPU
		{01933972-5EDD-4A0E-8B37-A1C9F500B7AA}.Release|x86.Build.0 = Release|Any CPU
		{EAF58DA4-9A45-49BD-90B0-87C7723C2126}.Debug|Any CPU.ActiveCfg = Debug|Any CPU
		{EAF58DA4-9A45-49BD-90B0-87C7723C2126}.Debug|Any CPU.Build.0 = Debug|Any CPU
		{EAF58DA4-9A45-49BD-90B0-87C7723C2126}.Debug|x64.ActiveCfg = Debug|Any CPU
		{EAF58DA4-9A45-49BD-90B0-87C7723C2126}.Debug|x64.Build.0 = Debug|Any CPU
		{EAF58DA4-9A45-49BD-90B0-87C7723C2126}.Debug|x86.ActiveCfg = Debug|Any CPU
		{EAF58DA4-9A45-49BD-90B0-87C7723C2126}.Debug|x86.Build.0 = Debug|Any CPU
		{EAF58DA4-9A45-49BD-90B0-87C7723C2126}.Release|Any CPU.ActiveCfg = Release|Any CPU
		{EAF58DA4-9A45-49BD-90B0-87C7723C2126}.Release|Any CPU.Build.0 = Release|Any CPU
		{EAF58DA4-9A45-49BD-90B0-87C7723C2126}.Release|x64.ActiveCfg = Release|Any CPU
		{EAF58DA4-9A45-49BD-90B0-87C7723C2126}.Release|x64.Build.0 = Release|Any CPU
		{EAF58DA4-9A45-49BD-90B0-87C7723C2126}.Release|x86.ActiveCfg = Release|Any CPU
		{EAF58DA4-9A45-49BD-90B0-87C7723C2126}.Release|x86.Build.0 = Release|Any CPU
	EndGlobalSection
	GlobalSection(SolutionProperties) = preSolution
		HideSolutionNode = FALSE
	EndGlobalSection
	GlobalSection(ExtensibilityGlobals) = postSolution
		SolutionGuid = {1C559FF3-4F66-4D99-9872-3E04719D5D16}
	EndGlobalSection
EndGlobal
